// !$*UTF8*$!
{
	archiveVersion = 1;
	classes = {
	};
	objectVersion = 46;
	objects = {

/* Begin PBXBuildFile section */
		0A9641FEBA81CAC1DA2CAAAA /* Pods_G54L9.framework in Frameworks */ = {isa = PBXBuildFile; fileRef = 8ED09E7B38DB51E9BA7CB50B /* Pods_G54L9.framework */; };
		4C135BDB1ED4B7A4000D78CB /* AllTasksTableViewController.swift in Sources */ = {isa = PBXBuildFile; fileRef = 4C135BDA1ED4B7A4000D78CB /* AllTasksTableViewController.swift */; };
		4C2D8C751ED7406A00C67F4E /* AddTaskVC.swift in Sources */ = {isa = PBXBuildFile; fileRef = 4C2D8C741ED7406A00C67F4E /* AddTaskVC.swift */; };
		4CEABEB81ED4A30900C3563F /* AppDelegate.swift in Sources */ = {isa = PBXBuildFile; fileRef = 4CEABEB71ED4A30900C3563F /* AppDelegate.swift */; };
		4CEABEBA1ED4A30900C3563F /* ViewController.swift in Sources */ = {isa = PBXBuildFile; fileRef = 4CEABEB91ED4A30900C3563F /* ViewController.swift */; };
		4CEABEBD1ED4A30900C3563F /* Main.storyboard in Resources */ = {isa = PBXBuildFile; fileRef = 4CEABEBB1ED4A30900C3563F /* Main.storyboard */; };
		4CEABEBF1ED4A30900C3563F /* Assets.xcassets in Resources */ = {isa = PBXBuildFile; fileRef = 4CEABEBE1ED4A30900C3563F /* Assets.xcassets */; };
		4CEABEC21ED4A30900C3563F /* LaunchScreen.storyboard in Resources */ = {isa = PBXBuildFile; fileRef = 4CEABEC01ED4A30900C3563F /* LaunchScreen.storyboard */; };
		4CEABECA1ED4A32000C3563F /* Timer.swift in Sources */ = {isa = PBXBuildFile; fileRef = 4CEABEC91ED4A32000C3563F /* Timer.swift */; };
/* End PBXBuildFile section */

/* Begin PBXFileReference section */
		4C135BDA1ED4B7A4000D78CB /* AllTasksTableViewController.swift */ = {isa = PBXFileReference; fileEncoding = 4; lastKnownFileType = sourcecode.swift; path = AllTasksTableViewController.swift; sourceTree = "<group>"; };
		4C2D8C741ED7406A00C67F4E /* AddTaskVC.swift */ = {isa = PBXFileReference; fileEncoding = 4; lastKnownFileType = sourcecode.swift; path = AddTaskVC.swift; sourceTree = "<group>"; };
		4CEABEB41ED4A30900C3563F /* G54L9.app */ = {isa = PBXFileReference; explicitFileType = wrapper.application; includeInIndex = 0; path = G54L9.app; sourceTree = BUILT_PRODUCTS_DIR; };
		4CEABEB71ED4A30900C3563F /* AppDelegate.swift */ = {isa = PBXFileReference; lastKnownFileType = sourcecode.swift; path = AppDelegate.swift; sourceTree = "<group>"; };
		4CEABEB91ED4A30900C3563F /* ViewController.swift */ = {isa = PBXFileReference; lastKnownFileType = sourcecode.swift; path = ViewController.swift; sourceTree = "<group>"; };
		4CEABEBC1ED4A30900C3563F /* Base */ = {isa = PBXFileReference; lastKnownFileType = file.storyboard; name = Base; path = Base.lproj/Main.storyboard; sourceTree = "<group>"; };
		4CEABEBE1ED4A30900C3563F /* Assets.xcassets */ = {isa = PBXFileReference; lastKnownFileType = folder.assetcatalog; path = Assets.xcassets; sourceTree = "<group>"; };
		4CEABEC11ED4A30900C3563F /* Base */ = {isa = PBXFileReference; lastKnownFileType = file.storyboard; name = Base; path = Base.lproj/LaunchScreen.storyboard; sourceTree = "<group>"; };
		4CEABEC31ED4A30900C3563F /* Info.plist */ = {isa = PBXFileReference; lastKnownFileType = text.plist.xml; path = Info.plist; sourceTree = "<group>"; };
		4CEABEC91ED4A32000C3563F /* Timer.swift */ = {isa = PBXFileReference; fileEncoding = 4; lastKnownFileType = sourcecode.swift; path = Timer.swift; sourceTree = "<group>"; };
		8ED09E7B38DB51E9BA7CB50B /* Pods_G54L9.framework */ = {isa = PBXFileReference; explicitFileType = wrapper.framework; includeInIndex = 0; path = Pods_G54L9.framework; sourceTree = BUILT_PRODUCTS_DIR; };
		C1A4DB0210EFB92DD0DBFB13 /* Pods-G54L9.debug.xcconfig */ = {isa = PBXFileReference; includeInIndex = 1; lastKnownFileType = text.xcconfig; name = "Pods-G54L9.debug.xcconfig"; path = "Pods/Target Support Files/Pods-G54L9/Pods-G54L9.debug.xcconfig"; sourceTree = "<group>"; };
		DCACF6A3A676F36E94EE6B9B /* Pods-G54L9.release.xcconfig */ = {isa = PBXFileReference; includeInIndex = 1; lastKnownFileType = text.xcconfig; name = "Pods-G54L9.release.xcconfig"; path = "Pods/Target Support Files/Pods-G54L9/Pods-G54L9.release.xcconfig"; sourceTree = "<group>"; };
/* End PBXFileReference section */

/* Begin PBXFrameworksBuildPhase section */
		4CEABEB11ED4A30900C3563F /* Frameworks */ = {
			isa = PBXFrameworksBuildPhase;
			buildActionMask = 2147483647;
			files = (
				0A9641FEBA81CAC1DA2CAAAA /* Pods_G54L9.framework in Frameworks */,
			);
			runOnlyForDeploymentPostprocessing = 0;
		};
/* End PBXFrameworksBuildPhase section */

/* Begin PBXGroup section */
		4CEABEAB1ED4A30900C3563F = {
			isa = PBXGroup;
			children = (
				4CEABEB61ED4A30900C3563F /* G54L9 */,
				4CEABEB51ED4A30900C3563F /* Products */,
				D6E02AAFC9F942048B5CC55B /* Pods */,
				7BE102E483ECE2DD4B217B31 /* Frameworks */,
			);
			sourceTree = "<group>";
		};
		4CEABEB51ED4A30900C3563F /* Products */ = {
			isa = PBXGroup;
			children = (
				4CEABEB41ED4A30900C3563F /* G54L9.app */,
			);
			name = Products;
			sourceTree = "<group>";
		};
		4CEABEB61ED4A30900C3563F /* G54L9 */ = {
			isa = PBXGroup;
			children = (
				4CEABEBB1ED4A30900C3563F /* Main.storyboard */,
				4C2D8C741ED7406A00C67F4E /* AddTaskVC.swift */,
				4C135BDA1ED4B7A4000D78CB /* AllTasksTableViewController.swift */,
				4CEABECB1ED4A41700C3563F /* Model */,
				4CEABECC1ED4A42F00C3563F /* View */,
				4CEABECD1ED4A43B00C3563F /* Controller */,
				4CEABEC31ED4A30900C3563F /* Info.plist */,
			);
			path = G54L9;
			sourceTree = "<group>";
		};
		4CEABECB1ED4A41700C3563F /* Model */ = {
			isa = PBXGroup;
			children = (
				4CEABEB71ED4A30900C3563F /* AppDelegate.swift */,
				4CEABEC91ED4A32000C3563F /* Timer.swift */,
			);
			name = Model;
			sourceTree = "<group>";
		};
		4CEABECC1ED4A42F00C3563F /* View */ = {
			isa = PBXGroup;
			children = (
				4CEABEBE1ED4A30900C3563F /* Assets.xcassets */,
				4CEABEC01ED4A30900C3563F /* LaunchScreen.storyboard */,
			);
			name = View;
			sourceTree = "<group>";
		};
		4CEABECD1ED4A43B00C3563F /* Controller */ = {
			isa = PBXGroup;
			children = (
				4CEABEB91ED4A30900C3563F /* ViewController.swift */,
			);
			name = Controller;
			sourceTree = "<group>";
		};
		7BE102E483ECE2DD4B217B31 /* Frameworks */ = {
			isa = PBXGroup;
			children = (
				8ED09E7B38DB51E9BA7CB50B /* Pods_G54L9.framework */,
			);
			name = Frameworks;
			sourceTree = "<group>";
		};
		D6E02AAFC9F942048B5CC55B /* Pods */ = {
			isa = PBXGroup;
			children = (
				C1A4DB0210EFB92DD0DBFB13 /* Pods-G54L9.debug.xcconfig */,
				DCACF6A3A676F36E94EE6B9B /* Pods-G54L9.release.xcconfig */,
			);
			name = Pods;
			sourceTree = "<group>";
		};
/* End PBXGroup section */

/* Begin PBXNativeTarget section */
		4CEABEB31ED4A30900C3563F /* G54L9 */ = {
			isa = PBXNativeTarget;
			buildConfigurationList = 4CEABEC61ED4A30900C3563F /* Build configuration list for PBXNativeTarget "G54L9" */;
			buildPhases = (
				4E2A3AE399EEF2ED9307ADA9 /* [CP] Check Pods Manifest.lock */,
				4CEABEB01ED4A30900C3563F /* Sources */,
				4CEABEB11ED4A30900C3563F /* Frameworks */,
				4CEABEB21ED4A30900C3563F /* Resources */,
				17BED7C9B84F8D3F26CCE388 /* [CP] Embed Pods Frameworks */,
				8667EBAB2AB3C7AF876F5D2E /* [CP] Copy Pods Resources */,
			);
			buildRules = (
			);
			dependencies = (
			);
			name = G54L9;
			productName = G54L9;
			productReference = 4CEABEB41ED4A30900C3563F /* G54L9.app */;
			productType = "com.apple.product-type.application";
		};
/* End PBXNativeTarget section */

/* Begin PBXProject section */
		4CEABEAC1ED4A30900C3563F /* Project object */ = {
			isa = PBXProject;
			attributes = {
				LastSwiftUpdateCheck = 0830;
				LastUpgradeCheck = 0830;
				ORGANIZATIONNAME = "Smoosh Labs";
				TargetAttributes = {
					4CEABEB31ED4A30900C3563F = {
						CreatedOnToolsVersion = 8.3.2;
						DevelopmentTeam = 278RE9W4W7;
						ProvisioningStyle = Automatic;
					};
				};
			};
			buildConfigurationList = 4CEABEAF1ED4A30900C3563F /* Build configuration list for PBXProject "G54L9" */;
			compatibilityVersion = "Xcode 3.2";
			developmentRegion = English;
			hasScannedForEncodings = 0;
			knownRegions = (
				en,
				Base,
			);
			mainGroup = 4CEABEAB1ED4A30900C3563F;
			productRefGroup = 4CEABEB51ED4A30900C3563F /* Products */;
			projectDirPath = "";
			projectRoot = "";
			targets = (
				4CEABEB31ED4A30900C3563F /* G54L9 */,
			);
		};
/* End PBXProject section */

/* Begin PBXResourcesBuildPhase section */
		4CEABEB21ED4A30900C3563F /* Resources */ = {
			isa = PBXResourcesBuildPhase;
			buildActionMask = 2147483647;
			files = (
				4CEABEC21ED4A30900C3563F /* LaunchScreen.storyboard in Resources */,
				4CEABEBF1ED4A30900C3563F /* Assets.xcassets in Resources */,
				4CEABEBD1ED4A30900C3563F /* Main.storyboard in Resources */,
			);
			runOnlyForDeploymentPostprocessing = 0;
		};
/* End PBXResourcesBuildPhase section */

/* Begin PBXShellScriptBuildPhase section */
		17BED7C9B84F8D3F26CCE388 /* [CP] Embed Pods Frameworks */ = {
			isa = PBXShellScriptBuildPhase;
			buildActionMask = 2147483647;
			files = (
			);
			inputPaths = (
			);
			name = "[CP] Embed Pods Frameworks";
			outputPaths = (
			);
			runOnlyForDeploymentPostprocessing = 0;
			shellPath = /bin/sh;
			shellScript = "\"${SRCROOT}/Pods/Target Support Files/Pods-G54L9/Pods-G54L9-frameworks.sh\"\n";
			showEnvVarsInLog = 0;
		};
		4E2A3AE399EEF2ED9307ADA9 /* [CP] Check Pods Manifest.lock */ = {
			isa = PBXShellScriptBuildPhase;
			buildActionMask = 2147483647;
			files = (
			);
			inputPaths = (
			);
			name = "[CP] Check Pods Manifest.lock";
			outputPaths = (
			);
			runOnlyForDeploymentPostprocessing = 0;
			shellPath = /bin/sh;
			shellScript = "diff \"${PODS_ROOT}/../Podfile.lock\" \"${PODS_ROOT}/Manifest.lock\" > /dev/null\nif [ $? != 0 ] ; then\n    # print error to STDERR\n    echo \"error: The sandbox is not in sync with the Podfile.lock. Run 'pod install' or update your CocoaPods installation.\" >&2\n    exit 1\nfi\n";
			showEnvVarsInLog = 0;
		};
		8667EBAB2AB3C7AF876F5D2E /* [CP] Copy Pods Resources */ = {
			isa = PBXShellScriptBuildPhase;
			buildActionMask = 2147483647;
			files = (
			);
			inputPaths = (
			);
			name = "[CP] Copy Pods Resources";
			outputPaths = (
			);
			runOnlyForDeploymentPostprocessing = 0;
			shellPath = /bin/sh;
			shellScript = "\"${SRCROOT}/Pods/Target Support Files/Pods-G54L9/Pods-G54L9-resources.sh\"\n";
			showEnvVarsInLog = 0;
		};
/* End PBXShellScriptBuildPhase section */

/* Begin PBXSourcesBuildPhase section */
		4CEABEB01ED4A30900C3563F /* Sources */ = {
			isa = PBXSourcesBuildPhase;
			buildActionMask = 2147483647;
			files = (
				4CEABECA1ED4A32000C3563F /* Timer.swift in Sources */,
				4CEABEBA1ED4A30900C3563F /* ViewController.swift in Sources */,
				4C2D8C751ED7406A00C67F4E /* AddTaskVC.swift in Sources */,
				4C135BDB1ED4B7A4000D78CB /* AllTasksTableViewController.swift in Sources */,
				4CEABEB81ED4A30900C3563F /* AppDelegate.swift in Sources */,
			);
			runOnlyForDeploymentPostprocessing = 0;
		};
/* End PBXSourcesBuildPhase section */

/* Begin PBXVariantGroup section */
		4CEABEBB1ED4A30900C3563F /* Main.storyboard */ = {
			isa = PBXVariantGroup;
			children = (
				4CEABEBC1ED4A30900C3563F /* Base */,
			);
			name = Main.storyboard;
			sourceTree = "<group>";
		};
		4CEABEC01ED4A30900C3563F /* LaunchScreen.storyboard */ = {
			isa = PBXVariantGroup;
			children = (
				4CEABEC11ED4A30900C3563F /* Base */,
			);
			name = LaunchScreen.storyboard;
			sourceTree = "<group>";
		};
/* End PBXVariantGroup section */

/* Begin XCBuildConfiguration section */
		4CEABEC41ED4A30900C3563F /* Debug */ = {
			isa = XCBuildConfiguration;
			buildSettings = {
				ALWAYS_SEARCH_USER_PATHS = NO;
				CLANG_ANALYZER_NONNULL = YES;
				CLANG_ANALYZER_NUMBER_OBJECT_CONVERSION = YES_AGGRESSIVE;
				CLANG_CXX_LANGUAGE_STANDARD = "gnu++0x";
				CLANG_CXX_LIBRARY = "libc++";
				CLANG_ENABLE_MODULES = YES;
				CLANG_ENABLE_OBJC_ARC = YES;
				CLANG_WARN_BOOL_CONVERSION = YES;
				CLANG_WARN_CONSTANT_CONVERSION = YES;
				CLANG_WARN_DIRECT_OBJC_ISA_USAGE = YES_ERROR;
				CLANG_WARN_DOCUMENTATION_COMMENTS = YES;
				CLANG_WARN_EMPTY_BODY = YES;
				CLANG_WARN_ENUM_CONVERSION = YES;
				CLANG_WARN_INFINITE_RECURSION = YES;
				CLANG_WARN_INT_CONVERSION = YES;
				CLANG_WARN_OBJC_ROOT_CLASS = YES_ERROR;
				CLANG_WARN_SUSPICIOUS_MOVE = YES;
				CLANG_WARN_UNREACHABLE_CODE = YES;
				CLANG_WARN__DUPLICATE_METHOD_MATCH = YES;
				"CODE_SIGN_IDENTITY[sdk=iphoneos*]" = "iPhone Developer";
				COPY_PHASE_STRIP = NO;
				DEBUG_INFORMATION_FORMAT = dwarf;
				ENABLE_STRICT_OBJC_MSGSEND = YES;
				ENABLE_TESTABILITY = YES;
				GCC_C_LANGUAGE_STANDARD = gnu99;
				GCC_DYNAMIC_NO_PIC = NO;
				GCC_NO_COMMON_BLOCKS = YES;
				GCC_OPTIMIZATION_LEVEL = 0;
				GCC_PREPROCESSOR_DEFINITIONS = (
					"DEBUG=1",
					"$(inherited)",
				);
				GCC_WARN_64_TO_32_BIT_CONVERSION = YES;
				GCC_WARN_ABOUT_RETURN_TYPE = YES_ERROR;
				GCC_WARN_UNDECLARED_SELECTOR = YES;
				GCC_WARN_UNINITIALIZED_AUTOS = YES_AGGRESSIVE;
				GCC_WARN_UNUSED_FUNCTION = YES;
				GCC_WARN_UNUSED_VARIABLE = YES;
				IPHONEOS_DEPLOYMENT_TARGET = 10.3;
				MTL_ENABLE_DEBUG_INFO = YES;
				ONLY_ACTIVE_ARCH = YES;
				SDKROOT = iphoneos;
				SWIFT_ACTIVE_COMPILATION_CONDITIONS = DEBUG;
				SWIFT_OPTIMIZATION_LEVEL = "-Onone";
				TARGETED_DEVICE_FAMILY = "1,2";
			};
			name = Debug;
		};
		4CEABEC51ED4A30900C3563F /* Release */ = {
			isa = XCBuildConfiguration;
			buildSettings = {
				ALWAYS_SEARCH_USER_PATHS = NO;
				CLANG_ANALYZER_NONNULL = YES;
				CLANG_ANALYZER_NUMBER_OBJECT_CONVERSION = YES_AGGRESSIVE;
				CLANG_CXX_LANGUAGE_STANDARD = "gnu++0x";
				CLANG_CXX_LIBRARY = "libc++";
				CLANG_ENABLE_MODULES = YES;
				CLANG_ENABLE_OBJC_ARC = YES;
				CLANG_WARN_BOOL_CONVERSION = YES;
				CLANG_WARN_CONSTANT_CONVERSION = YES;
				CLANG_WARN_DIRECT_OBJC_ISA_USAGE = YES_ERROR;
				CLANG_WARN_DOCUMENTATION_COMMENTS = YES;
				CLANG_WARN_EMPTY_BODY = YES;
				CLANG_WARN_ENUM_CONVERSION = YES;
				CLANG_WARN_INFINITE_RECURSION = YES;
				CLANG_WARN_INT_CONVERSION = YES;
				CLANG_WARN_OBJC_ROOT_CLASS = YES_ERROR;
				CLANG_WARN_SUSPICIOUS_MOVE = YES;
				CLANG_WARN_UNREACHABLE_CODE = YES;
				CLANG_WARN__DUPLICATE_METHOD_MATCH = YES;
				"CODE_SIGN_IDENTITY[sdk=iphoneos*]" = "iPhone Developer";
				COPY_PHASE_STRIP = NO;
				DEBUG_INFORMATION_FORMAT = "dwarf-with-dsym";
				ENABLE_NS_ASSERTIONS = NO;
				ENABLE_STRICT_OBJC_MSGSEND = YES;
				GCC_C_LANGUAGE_STANDARD = gnu99;
				GCC_NO_COMMON_BLOCKS = YES;
				GCC_WARN_64_TO_32_BIT_CONVERSION = YES;
				GCC_WARN_ABOUT_RETURN_TYPE = YES_ERROR;
				GCC_WARN_UNDECLARED_SELECTOR = YES;
				GCC_WARN_UNINITIALIZED_AUTOS = YES_AGGRESSIVE;
				GCC_WARN_UNUSED_FUNCTION = YES;
				GCC_WARN_UNUSED_VARIABLE = YES;
				IPHONEOS_DEPLOYMENT_TARGET = 10.3;
				MTL_ENABLE_DEBUG_INFO = NO;
				SDKROOT = iphoneos;
				SWIFT_OPTIMIZATION_LEVEL = "-Owholemodule";
				TARGETED_DEVICE_FAMILY = "1,2";
				VALIDATE_PRODUCT = YES;
			};
			name = Release;
		};
		4CEABEC71ED4A30900C3563F /* Debug */ = {
			isa = XCBuildConfiguration;
			baseConfigurationReference = C1A4DB0210EFB92DD0DBFB13 /* Pods-G54L9.debug.xcconfig */;
			buildSettings = {
				ASSETCATALOG_COMPILER_APPICON_NAME = AppIcon;
				DEVELOPMENT_TEAM = 278RE9W4W7;
				INFOPLIST_FILE = G54L9/Info.plist;
				LD_RUNPATH_SEARCH_PATHS = "$(inherited) @executable_path/Frameworks";
				PRODUCT_BUNDLE_IDENTIFIER = SmooshLabs.G54L9;
				PRODUCT_NAME = "$(TARGET_NAME)";
				SWIFT_VERSION = 3.0;
			};
			name = Debug;
		};
		4CEABEC81ED4A30900C3563F /* Release */ = {
			isa = XCBuildConfiguration;
			baseConfigurationReference = DCACF6A3A676F36E94EE6B9B /* Pods-G54L9.release.xcconfig */;
			buildSettings = {
				ASSETCATALOG_COMPILER_APPICON_NAME = AppIcon;
				DEVELOPMENT_TEAM = 278RE9W4W7;
				INFOPLIST_FILE = G54L9/Info.plist;
				LD_RUNPATH_SEARCH_PATHS = "$(inherited) @executable_path/Frameworks";
				PRODUCT_BUNDLE_IDENTIFIER = SmooshLabs.G54L9;
				PRODUCT_NAME = "$(TARGET_NAME)";
				SWIFT_VERSION = 3.0;
			};
			name = Release;
		};
/* End XCBuildConfiguration section */

/* Begin XCConfigurationList section */
		4CEABEAF1ED4A30900C3563F /* Build configuration list for PBXProject "G54L9" */ = {
			isa = XCConfigurationList;
			buildConfigurations = (
				4CEABEC41ED4A30900C3563F /* Debug */,
				4CEABEC51ED4A30900C3563F /* Release */,
			);
			defaultConfigurationIsVisible = 0;
			defaultConfigurationName = Release;
		};
		4CEABEC61ED4A30900C3563F /* Build configuration list for PBXNativeTarget "G54L9" */ = {
			isa = XCConfigurationList;
			buildConfigurations = (
				4CEABEC71ED4A30900C3563F /* Debug */,
				4CEABEC81ED4A30900C3563F /* Release */,
			);
			defaultConfigurationIsVisible = 0;
			defaultConfigurationName = Release;
		};
/* End XCConfigurationList section */
	};
	rootObject = 4CEABEAC1ED4A30900C3563F /* Project object */;
}
